
Microsoft Visual Studio Solution File, Format Version 11.00
# Visual C# Express 2010
Project("{FAE04EC0-301F-11D3-BF4B-00C04F79EFBC}") = "Overactive", "Overactive\Overactive\Overactive.csproj", "{B201B3E5-BC53-49A7-B47B-2A355109DF4F}"
EndProject
Project("{96E2B04D-8817-42C6-938A-82C39BA4D311}") = "OveractiveContent", "Overactive\OveractiveContent\OveractiveContent.contentproj", "{AC5B688F-DA97-42FA-B367-E65B0E49BB4B}"
EndProject
Global
	GlobalSection(SolutionConfigurationPlatforms) = preSolution
		Debug|x86 = Debug|x86
		Release|x86 = Release|x86
	EndGlobalSection
	GlobalSection(ProjectConfigurationPlatforms) = postSolution
		{B201B3E5-BC53-49A7-B47B-2A355109DF4F}.Debug|x86.ActiveCfg = Debug|x86
		{B201B3E5-BC53-49A7-B47B-2A355109DF4F}.Debug|x86.Build.0 = Debug|x86
		{B201B3E5-BC53-49A7-B47B-2A355109DF4F}.Release|x86.ActiveCfg = Release|x86
		{B201B3E5-BC53-49A7-B47B-2A355109DF4F}.Release|x86.Build.0 = Release|x86
		{AC5B688F-DA97-42FA-B367-E65B0E49BB4B}.Debug|x86.ActiveCfg = Debug|x86
		{AC5B688F-DA97-42FA-B367-E65B0E49BB4B}.Release|x86.ActiveCfg = Release|x86
	EndGlobalSection
	GlobalSection(SolutionProperties) = preSolution
		HideSolutionNode = FALSE
	EndGlobalSection
EndGlobal
